// !$*UTF8*$!
{
	archiveVersion = 1;
	classes = {
	};
	objectVersion = 46;
	objects = {

/* Begin PBXBuildFile section */
		40B7316D19CE55B3000E6ED9 /* BGDGroupThumbCell.m in Sources */ = {isa = PBXBuildFile; fileRef = 40B7316919CE55B3000E6ED9 /* BGDGroupThumbCell.m */; };
		40B7316E19CE55B3000E6ED9 /* BGDGroupThumbCell.xib in Resources */ = {isa = PBXBuildFile; fileRef = 40B7316A19CE55B3000E6ED9 /* BGDGroupThumbCell.xib */; };
		40B7316F19CE55B3000E6ED9 /* BGDThumbCell.m in Sources */ = {isa = PBXBuildFile; fileRef = 40B7316C19CE55B3000E6ED9 /* BGDThumbCell.m */; };
		40B7317719CE569C000E6ED9 /* UIImageView+GeometryConversion.m in Sources */ = {isa = PBXBuildFile; fileRef = 40B7317619CE569C000E6ED9 /* UIImageView+GeometryConversion.m */; };
		40B7317A19CE5EE7000E6ED9 /* UIView+Positioning.m in Sources */ = {isa = PBXBuildFile; fileRef = 40B7317919CE5EE7000E6ED9 /* UIView+Positioning.m */; };
		90DBB74A927042A2A0FB0E61 /* libPods-BigHeadDemo.a in Frameworks */ = {isa = PBXBuildFile; fileRef = 45C5BCB683474EC98CA8D44E /* libPods-BigHeadDemo.a */; };
		922A2ECA19CBCE720084A82B /* plus.png in Resources */ = {isa = PBXBuildFile; fileRef = 922A2EC819CBCE720084A82B /* plus.png */; };
		922A2ECB19CBCE720084A82B /* plus@2x.png in Resources */ = {isa = PBXBuildFile; fileRef = 922A2EC919CBCE720084A82B /* plus@2x.png */; };
		922A2ECD19CBD3F10084A82B /* AVFoundation.framework in Frameworks */ = {isa = PBXBuildFile; fileRef = 922A2ECC19CBD3F10084A82B /* AVFoundation.framework */; };
		922A2ECF19CBD3F60084A82B /* CoreImage.framework in Frameworks */ = {isa = PBXBuildFile; fileRef = 922A2ECE19CBD3F60084A82B /* CoreImage.framework */; };
		923A5F5219CFB6DF0090CEBC /* BGDSelectedView.m in Sources */ = {isa = PBXBuildFile; fileRef = 923A5F5119CFB6DF0090CEBC /* BGDSelectedView.m */; };
		923A5F5519CFB93B0090CEBC /* UIImage+BGDUtility.m in Sources */ = {isa = PBXBuildFile; fileRef = 923A5F5419CFB93B0090CEBC /* UIImage+BGDUtility.m */; };
		923ECD6019CBB93000E97FB9 /* BGDGroupPickerViewController.m in Sources */ = {isa = PBXBuildFile; fileRef = 923ECD5F19CBB93000E97FB9 /* BGDGroupPickerViewController.m */; };
		9243677F19CAAF8F0095D7E0 /* AssetsDataIsInaccessibleViewController.m in Sources */ = {isa = PBXBuildFile; fileRef = 9243677E19CAAF8F0095D7E0 /* AssetsDataIsInaccessibleViewController.m */; };
		9243678219CABB570095D7E0 /* BGDThumbPickViewController.m in Sources */ = {isa = PBXBuildFile; fileRef = 9243678119CABB570095D7E0 /* BGDThumbPickViewController.m */; };
		9243678519CABF590095D7E0 /* Line.png in Resources */ = {isa = PBXBuildFile; fileRef = 9243678319CABF590095D7E0 /* Line.png */; };
		9243678619CABF590095D7E0 /* Line@2x.png in Resources */ = {isa = PBXBuildFile; fileRef = 9243678419CABF590095D7E0 /* Line@2x.png */; };
		92574ECF19CA8CF400E438F9 /* AssetsLibrary.framework in Frameworks */ = {isa = PBXBuildFile; fileRef = 92574ECE19CA8CF400E438F9 /* AssetsLibrary.framework */; };
		9263003C19CFEC910085120E /* ALAssetsLibrary+CustomPhotoAlbum.m in Sources */ = {isa = PBXBuildFile; fileRef = 9263003B19CFEC910085120E /* ALAssetsLibrary+CustomPhotoAlbum.m */; };
		9281105119D01A29007B4019 /* sticker_delete@2x.png in Resources */ = {isa = PBXBuildFile; fileRef = 9281104F19D01A29007B4019 /* sticker_delete@2x.png */; };
		9281105219D01A29007B4019 /* sticker_scale@2x.png in Resources */ = {isa = PBXBuildFile; fileRef = 9281105019D01A29007B4019 /* sticker_scale@2x.png */; };
		9281105919D023A6007B4019 /* circle.png in Resources */ = {isa = PBXBuildFile; fileRef = 9281105719D023A6007B4019 /* circle.png */; };
		9281105A19D023A6007B4019 /* circle@2x.png in Resources */ = {isa = PBXBuildFile; fileRef = 9281105819D023A6007B4019 /* circle@2x.png */; };
		92B374B619CA9B6D00D86447 /* c360_cloud_small_image_selectable@2x.png in Resources */ = {isa = PBXBuildFile; fileRef = 92B374B419CA9B6D00D86447 /* c360_cloud_small_image_selectable@2x.png */; };
		92B374B719CA9B6D00D86447 /* c360_cloud_small_image_selected@2x.png in Resources */ = {isa = PBXBuildFile; fileRef = 92B374B519CA9B6D00D86447 /* c360_cloud_small_image_selected@2x.png */; };
		92C21A8319CFE8F2001914E3 /* BGDPreviewController.m in Sources */ = {isa = PBXBuildFile; fileRef = 92C21A8219CFE8F2001914E3 /* BGDPreviewController.m */; };
		92F0598E19CA80ED004B3B1A /* Foundation.framework in Frameworks */ = {isa = PBXBuildFile; fileRef = 92F0598D19CA80ED004B3B1A /* Foundation.framework */; };
		92F0599019CA80ED004B3B1A /* CoreGraphics.framework in Frameworks */ = {isa = PBXBuildFile; fileRef = 92F0598F19CA80ED004B3B1A /* CoreGraphics.framework */; };
		92F0599219CA80ED004B3B1A /* UIKit.framework in Frameworks */ = {isa = PBXBuildFile; fileRef = 92F0599119CA80ED004B3B1A /* UIKit.framework */; };
		92F0599819CA80ED004B3B1A /* InfoPlist.strings in Resources */ = {isa = PBXBuildFile; fileRef = 92F0599619CA80ED004B3B1A /* InfoPlist.strings */; };
		92F0599A19CA80ED004B3B1A /* main.m in Sources */ = {isa = PBXBuildFile; fileRef = 92F0599919CA80ED004B3B1A /* main.m */; };
		92F0599E19CA80ED004B3B1A /* BGDAppDelegate.m in Sources */ = {isa = PBXBuildFile; fileRef = 92F0599D19CA80ED004B3B1A /* BGDAppDelegate.m */; };
		92F059A119CA80ED004B3B1A /* Main.storyboard in Resources */ = {isa = PBXBuildFile; fileRef = 92F0599F19CA80ED004B3B1A /* Main.storyboard */; };
		92F059A419CA80ED004B3B1A /* BGDViewController.m in Sources */ = {isa = PBXBuildFile; fileRef = 92F059A319CA80ED004B3B1A /* BGDViewController.m */; };
		92F059A619CA80ED004B3B1A /* Images.xcassets in Resources */ = {isa = PBXBuildFile; fileRef = 92F059A519CA80ED004B3B1A /* Images.xcassets */; };
		92F059AD19CA80ED004B3B1A /* XCTest.framework in Frameworks */ = {isa = PBXBuildFile; fileRef = 92F059AC19CA80ED004B3B1A /* XCTest.framework */; };
		92F059AE19CA80ED004B3B1A /* Foundation.framework in Frameworks */ = {isa = PBXBuildFile; fileRef = 92F0598D19CA80ED004B3B1A /* Foundation.framework */; };
		92F059AF19CA80ED004B3B1A /* UIKit.framework in Frameworks */ = {isa = PBXBuildFile; fileRef = 92F0599119CA80ED004B3B1A /* UIKit.framework */; };
		92F059B719CA80ED004B3B1A /* InfoPlist.strings in Resources */ = {isa = PBXBuildFile; fileRef = 92F059B519CA80ED004B3B1A /* InfoPlist.strings */; };
		92F059B919CA80ED004B3B1A /* BigHeadDemoTests.m in Sources */ = {isa = PBXBuildFile; fileRef = 92F059B819CA80ED004B3B1A /* BigHeadDemoTests.m */; };
/* End PBXBuildFile section */

/* Begin PBXContainerItemProxy section */
		92F059B019CA80ED004B3B1A /* PBXContainerItemProxy */ = {
			isa = PBXContainerItemProxy;
			containerPortal = 92F0598219CA80ED004B3B1A /* Project object */;
			proxyType = 1;
			remoteGlobalIDString = 92F0598919CA80ED004B3B1A;
			remoteInfo = BigHeadDemo;
		};
/* End PBXContainerItemProxy section */

/* Begin PBXFileReference section */
		40B7316819CE55B3000E6ED9 /* BGDGroupThumbCell.h */ = {isa = PBXFileReference; fileEncoding = 4; lastKnownFileType = sourcecode.c.h; name = BGDGroupThumbCell.h; path = Classes/BGDGroupThumbCell.h; sourceTree = SOURCE_ROOT; };
		40B7316919CE55B3000E6ED9 /* BGDGroupThumbCell.m */ = {isa = PBXFileReference; fileEncoding = 4; lastKnownFileType = sourcecode.c.objc; name = BGDGroupThumbCell.m; path = Classes/BGDGroupThumbCell.m; sourceTree = SOURCE_ROOT; };
		40B7316A19CE55B3000E6ED9 /* BGDGroupThumbCell.xib */ = {isa = PBXFileReference; fileEncoding = 4; lastKnownFileType = file.xib; name = BGDGroupThumbCell.xib; path = Classes/BGDGroupThumbCell.xib; sourceTree = SOURCE_ROOT; };
		40B7316B19CE55B3000E6ED9 /* BGDThumbCell.h */ = {isa = PBXFileReference; fileEncoding = 4; lastKnownFileType = sourcecode.c.h; name = BGDThumbCell.h; path = Classes/BGDThumbCell.h; sourceTree = SOURCE_ROOT; };
		40B7316C19CE55B3000E6ED9 /* BGDThumbCell.m */ = {isa = PBXFileReference; fileEncoding = 4; lastKnownFileType = sourcecode.c.objc; name = BGDThumbCell.m; path = Classes/BGDThumbCell.m; sourceTree = SOURCE_ROOT; };
		40B7317519CE569C000E6ED9 /* UIImageView+GeometryConversion.h */ = {isa = PBXFileReference; fileEncoding = 4; lastKnownFileType = sourcecode.c.h; path = "UIImageView+GeometryConversion.h"; sourceTree = "<group>"; };
		40B7317619CE569C000E6ED9 /* UIImageView+GeometryConversion.m */ = {isa = PBXFileReference; fileEncoding = 4; lastKnownFileType = sourcecode.c.objc; path = "UIImageView+GeometryConversion.m"; sourceTree = "<group>"; };
		40B7317819CE5EE7000E6ED9 /* UIView+Positioning.h */ = {isa = PBXFileReference; fileEncoding = 4; lastKnownFileType = sourcecode.c.h; path = "UIView+Positioning.h"; sourceTree = "<group>"; };
		40B7317919CE5EE7000E6ED9 /* UIView+Positioning.m */ = {isa = PBXFileReference; fileEncoding = 4; lastKnownFileType = sourcecode.c.objc; path = "UIView+Positioning.m"; sourceTree = "<group>"; };
		45C5BCB683474EC98CA8D44E /* libPods-BigHeadDemo.a */ = {isa = PBXFileReference; explicitFileType = archive.ar; includeInIndex = 0; path = "libPods-BigHeadDemo.a"; sourceTree = BUILT_PRODUCTS_DIR; };
		922A2EC819CBCE720084A82B /* plus.png */ = {isa = PBXFileReference; lastKnownFileType = image.png; path = plus.png; sourceTree = "<group>"; };
		922A2EC919CBCE720084A82B /* plus@2x.png */ = {isa = PBXFileReference; lastKnownFileType = image.png; path = "plus@2x.png"; sourceTree = "<group>"; };
		922A2ECC19CBD3F10084A82B /* AVFoundation.framework */ = {isa = PBXFileReference; lastKnownFileType = wrapper.framework; name = AVFoundation.framework; path = System/Library/Frameworks/AVFoundation.framework; sourceTree = SDKROOT; };
		922A2ECE19CBD3F60084A82B /* CoreImage.framework */ = {isa = PBXFileReference; lastKnownFileType = wrapper.framework; name = CoreImage.framework; path = System/Library/Frameworks/CoreImage.framework; sourceTree = SDKROOT; };
		923A5F5019CFB6DF0090CEBC /* BGDSelectedView.h */ = {isa = PBXFileReference; fileEncoding = 4; lastKnownFileType = sourcecode.c.h; path = BGDSelectedView.h; sourceTree = "<group>"; };
		923A5F5119CFB6DF0090CEBC /* BGDSelectedView.m */ = {isa = PBXFileReference; fileEncoding = 4; lastKnownFileType = sourcecode.c.objc; path = BGDSelectedView.m; sourceTree = "<group>"; };
		923A5F5319CFB93A0090CEBC /* UIImage+BGDUtility.h */ = {isa = PBXFileReference; fileEncoding = 4; lastKnownFileType = sourcecode.c.h; path = "UIImage+BGDUtility.h"; sourceTree = "<group>"; };
		923A5F5419CFB93B0090CEBC /* UIImage+BGDUtility.m */ = {isa = PBXFileReference; fileEncoding = 4; lastKnownFileType = sourcecode.c.objc; path = "UIImage+BGDUtility.m"; sourceTree = "<group>"; };
		923ECD5E19CBB93000E97FB9 /* BGDGroupPickerViewController.h */ = {isa = PBXFileReference; fileEncoding = 4; lastKnownFileType = sourcecode.c.h; path = BGDGroupPickerViewController.h; sourceTree = "<group>"; };
		923ECD5F19CBB93000E97FB9 /* BGDGroupPickerViewController.m */ = {isa = PBXFileReference; fileEncoding = 4; lastKnownFileType = sourcecode.c.objc; path = BGDGroupPickerViewController.m; sourceTree = "<group>"; };
		9243677D19CAAF8F0095D7E0 /* AssetsDataIsInaccessibleViewController.h */ = {isa = PBXFileReference; fileEncoding = 4; lastKnownFileType = sourcecode.c.h; path = AssetsDataIsInaccessibleViewController.h; sourceTree = "<group>"; };
		9243677E19CAAF8F0095D7E0 /* AssetsDataIsInaccessibleViewController.m */ = {isa = PBXFileReference; fileEncoding = 4; lastKnownFileType = sourcecode.c.objc; path = AssetsDataIsInaccessibleViewController.m; sourceTree = "<group>"; };
		9243678019CABB570095D7E0 /* BGDThumbPickViewController.h */ = {isa = PBXFileReference; fileEncoding = 4; lastKnownFileType = sourcecode.c.h; path = BGDThumbPickViewController.h; sourceTree = "<group>"; };
		9243678119CABB570095D7E0 /* BGDThumbPickViewController.m */ = {isa = PBXFileReference; fileEncoding = 4; lastKnownFileType = sourcecode.c.objc; path = BGDThumbPickViewController.m; sourceTree = "<group>"; };
		9243678319CABF590095D7E0 /* Line.png */ = {isa = PBXFileReference; lastKnownFileType = image.png; name = Line.png; path = ../Classes/Line.png; sourceTree = "<group>"; };
		9243678419CABF590095D7E0 /* Line@2x.png */ = {isa = PBXFileReference; lastKnownFileType = image.png; name = "Line@2x.png"; path = "../Classes/Line@2x.png"; sourceTree = "<group>"; };
		92574ECE19CA8CF400E438F9 /* AssetsLibrary.framework */ = {isa = PBXFileReference; lastKnownFileType = wrapper.framework; name = AssetsLibrary.framework; path = System/Library/Frameworks/AssetsLibrary.framework; sourceTree = SDKROOT; };
		9263003A19CFEC910085120E /* ALAssetsLibrary+CustomPhotoAlbum.h */ = {isa = PBXFileReference; fileEncoding = 4; lastKnownFileType = sourcecode.c.h; path = "ALAssetsLibrary+CustomPhotoAlbum.h"; sourceTree = "<group>"; };
		9263003B19CFEC910085120E /* ALAssetsLibrary+CustomPhotoAlbum.m */ = {isa = PBXFileReference; fileEncoding = 4; lastKnownFileType = sourcecode.c.objc; path = "ALAssetsLibrary+CustomPhotoAlbum.m"; sourceTree = "<group>"; };
		9281104F19D01A29007B4019 /* sticker_delete@2x.png */ = {isa = PBXFileReference; lastKnownFileType = image.png; path = "sticker_delete@2x.png"; sourceTree = "<group>"; };
		9281105019D01A29007B4019 /* sticker_scale@2x.png */ = {isa = PBXFileReference; lastKnownFileType = image.png; path = "sticker_scale@2x.png"; sourceTree = "<group>"; };
		9281105719D023A6007B4019 /* circle.png */ = {isa = PBXFileReference; lastKnownFileType = image.png; path = circle.png; sourceTree = "<group>"; };
		9281105819D023A6007B4019 /* circle@2x.png */ = {isa = PBXFileReference; lastKnownFileType = image.png; path = "circle@2x.png"; sourceTree = "<group>"; };
		92B374B419CA9B6D00D86447 /* c360_cloud_small_image_selectable@2x.png */ = {isa = PBXFileReference; lastKnownFileType = image.png; path = "c360_cloud_small_image_selectable@2x.png"; sourceTree = "<group>"; };
		92B374B519CA9B6D00D86447 /* c360_cloud_small_image_selected@2x.png */ = {isa = PBXFileReference; lastKnownFileType = image.png; path = "c360_cloud_small_image_selected@2x.png"; sourceTree = "<group>"; };
		92C21A8119CFE8F2001914E3 /* BGDPreviewController.h */ = {isa = PBXFileReference; fileEncoding = 4; lastKnownFileType = sourcecode.c.h; path = BGDPreviewController.h; sourceTree = "<group>"; };
		92C21A8219CFE8F2001914E3 /* BGDPreviewController.m */ = {isa = PBXFileReference; fileEncoding = 4; lastKnownFileType = sourcecode.c.objc; path = BGDPreviewController.m; sourceTree = "<group>"; };
		92F0598A19CA80ED004B3B1A /* BigHeadDemo.app */ = {isa = PBXFileReference; explicitFileType = wrapper.application; includeInIndex = 0; path = BigHeadDemo.app; sourceTree = BUILT_PRODUCTS_DIR; };
		92F0598D19CA80ED004B3B1A /* Foundation.framework */ = {isa = PBXFileReference; lastKnownFileType = wrapper.framework; name = Foundation.framework; path = System/Library/Frameworks/Foundation.framework; sourceTree = SDKROOT; };
		92F0598F19CA80ED004B3B1A /* CoreGraphics.framework */ = {isa = PBXFileReference; lastKnownFileType = wrapper.framework; name = CoreGraphics.framework; path = System/Library/Frameworks/CoreGraphics.framework; sourceTree = SDKROOT; };
		92F0599119CA80ED004B3B1A /* UIKit.framework */ = {isa = PBXFileReference; lastKnownFileType = wrapper.framework; name = UIKit.framework; path = System/Library/Frameworks/UIKit.framework; sourceTree = SDKROOT; };
		92F0599519CA80ED004B3B1A /* BigHeadDemo-Info.plist */ = {isa = PBXFileReference; lastKnownFileType = text.plist.xml; path = "BigHeadDemo-Info.plist"; sourceTree = "<group>"; };
		92F0599719CA80ED004B3B1A /* en */ = {isa = PBXFileReference; lastKnownFileType = text.plist.strings; name = en; path = en.lproj/InfoPlist.strings; sourceTree = "<group>"; };
		92F0599919CA80ED004B3B1A /* main.m */ = {isa = PBXFileReference; lastKnownFileType = sourcecode.c.objc; path = main.m; sourceTree = "<group>"; };
		92F0599B19CA80ED004B3B1A /* BigHeadDemo-Prefix.pch */ = {isa = PBXFileReference; lastKnownFileType = sourcecode.c.h; path = "BigHeadDemo-Prefix.pch"; sourceTree = "<group>"; };
		92F0599C19CA80ED004B3B1A /* BGDAppDelegate.h */ = {isa = PBXFileReference; lastKnownFileType = sourcecode.c.h; path = BGDAppDelegate.h; sourceTree = "<group>"; };
		92F0599D19CA80ED004B3B1A /* BGDAppDelegate.m */ = {isa = PBXFileReference; lastKnownFileType = sourcecode.c.objc; path = BGDAppDelegate.m; sourceTree = "<group>"; };
		92F059A019CA80ED004B3B1A /* Base */ = {isa = PBXFileReference; lastKnownFileType = file.storyboard; name = Base; path = Base.lproj/Main.storyboard; sourceTree = "<group>"; };
		92F059A219CA80ED004B3B1A /* BGDViewController.h */ = {isa = PBXFileReference; lastKnownFileType = sourcecode.c.h; name = BGDViewController.h; path = ../BigHeadDemo/BGDViewController.h; sourceTree = "<group>"; };
		92F059A319CA80ED004B3B1A /* BGDViewController.m */ = {isa = PBXFileReference; lastKnownFileType = sourcecode.c.objc; name = BGDViewController.m; path = ../BigHeadDemo/BGDViewController.m; sourceTree = "<group>"; };
		92F059A519CA80ED004B3B1A /* Images.xcassets */ = {isa = PBXFileReference; lastKnownFileType = folder.assetcatalog; path = Images.xcassets; sourceTree = "<group>"; };
		92F059AB19CA80ED004B3B1A /* BigHeadDemoTests.xctest */ = {isa = PBXFileReference; explicitFileType = wrapper.cfbundle; includeInIndex = 0; path = BigHeadDemoTests.xctest; sourceTree = BUILT_PRODUCTS_DIR; };
		92F059AC19CA80ED004B3B1A /* XCTest.framework */ = {isa = PBXFileReference; lastKnownFileType = wrapper.framework; name = XCTest.framework; path = Library/Frameworks/XCTest.framework; sourceTree = DEVELOPER_DIR; };
		92F059B419CA80ED004B3B1A /* BigHeadDemoTests-Info.plist */ = {isa = PBXFileReference; lastKnownFileType = text.plist.xml; path = "BigHeadDemoTests-Info.plist"; sourceTree = "<group>"; };
		92F059B619CA80ED004B3B1A /* en */ = {isa = PBXFileReference; lastKnownFileType = text.plist.strings; name = en; path = en.lproj/InfoPlist.strings; sourceTree = "<group>"; };
		92F059B819CA80ED004B3B1A /* BigHeadDemoTests.m */ = {isa = PBXFileReference; lastKnownFileType = sourcecode.c.objc; path = BigHeadDemoTests.m; sourceTree = "<group>"; };
		D00245B42BFE47C8B10AADB7 /* Pods-BigHeadDemo.xcconfig */ = {isa = PBXFileReference; includeInIndex = 1; lastKnownFileType = text.xcconfig; name = "Pods-BigHeadDemo.xcconfig"; path = "Pods/Pods-BigHeadDemo.xcconfig"; sourceTree = "<group>"; };
/* End PBXFileReference section */

/* Begin PBXFrameworksBuildPhase section */
		92F0598719CA80ED004B3B1A /* Frameworks */ = {
			isa = PBXFrameworksBuildPhase;
			buildActionMask = 2147483647;
			files = (
				922A2ECF19CBD3F60084A82B /* CoreImage.framework in Frameworks */,
				922A2ECD19CBD3F10084A82B /* AVFoundation.framework in Frameworks */,
				92574ECF19CA8CF400E438F9 /* AssetsLibrary.framework in Frameworks */,
				92F0599019CA80ED004B3B1A /* CoreGraphics.framework in Frameworks */,
				92F0599219CA80ED004B3B1A /* UIKit.framework in Frameworks */,
				92F0598E19CA80ED004B3B1A /* Foundation.framework in Frameworks */,
				90DBB74A927042A2A0FB0E61 /* libPods-BigHeadDemo.a in Frameworks */,
			);
			runOnlyForDeploymentPostprocessing = 0;
		};
		92F059A819CA80ED004B3B1A /* Frameworks */ = {
			isa = PBXFrameworksBuildPhase;
			buildActionMask = 2147483647;
			files = (
				92F059AD19CA80ED004B3B1A /* XCTest.framework in Frameworks */,
				92F059AF19CA80ED004B3B1A /* UIKit.framework in Frameworks */,
				92F059AE19CA80ED004B3B1A /* Foundation.framework in Frameworks */,
			);
			runOnlyForDeploymentPostprocessing = 0;
		};
/* End PBXFrameworksBuildPhase section */

/* Begin PBXGroup section */
		40B7317419CE5690000E6ED9 /* Category */ = {
			isa = PBXGroup;
			children = (
				40B7317819CE5EE7000E6ED9 /* UIView+Positioning.h */,
				40B7317919CE5EE7000E6ED9 /* UIView+Positioning.m */,
				40B7317519CE569C000E6ED9 /* UIImageView+GeometryConversion.h */,
				40B7317619CE569C000E6ED9 /* UIImageView+GeometryConversion.m */,
				923A5F5319CFB93A0090CEBC /* UIImage+BGDUtility.h */,
				923A5F5419CFB93B0090CEBC /* UIImage+BGDUtility.m */,
				9263003A19CFEC910085120E /* ALAssetsLibrary+CustomPhotoAlbum.h */,
				9263003B19CFEC910085120E /* ALAssetsLibrary+CustomPhotoAlbum.m */,
			);
			path = Category;
			sourceTree = "<group>";
		};
		922A2ED019CBD4310084A82B /* CustomView */ = {
			isa = PBXGroup;
			children = (
				40B7316819CE55B3000E6ED9 /* BGDGroupThumbCell.h */,
				40B7316919CE55B3000E6ED9 /* BGDGroupThumbCell.m */,
				40B7316A19CE55B3000E6ED9 /* BGDGroupThumbCell.xib */,
				40B7316B19CE55B3000E6ED9 /* BGDThumbCell.h */,
				40B7316C19CE55B3000E6ED9 /* BGDThumbCell.m */,
				923A5F5019CFB6DF0090CEBC /* BGDSelectedView.h */,
				923A5F5119CFB6DF0090CEBC /* BGDSelectedView.m */,
			);
			path = CustomView;
			sourceTree = "<group>";
		};
		92574E9A19CA8CAE00E438F9 /* Vendors */ = {
			isa = PBXGroup;
			children = (
			);
			path = Vendors;
			sourceTree = "<group>";
		};
		92B374B319CA9B6700D86447 /* Resources */ = {
			isa = PBXGroup;
			children = (
				9281105719D023A6007B4019 /* circle.png */,
				9281105819D023A6007B4019 /* circle@2x.png */,
				922A2EC819CBCE720084A82B /* plus.png */,
				922A2EC919CBCE720084A82B /* plus@2x.png */,
				9281104F19D01A29007B4019 /* sticker_delete@2x.png */,
				9281105019D01A29007B4019 /* sticker_scale@2x.png */,
				9243678319CABF590095D7E0 /* Line.png */,
				9243678419CABF590095D7E0 /* Line@2x.png */,
				92B374B419CA9B6D00D86447 /* c360_cloud_small_image_selectable@2x.png */,
				92B374B519CA9B6D00D86447 /* c360_cloud_small_image_selected@2x.png */,
			);
			path = Resources;
			sourceTree = "<group>";
		};
		92B374B819CAA86D00D86447 /* Classes */ = {
			isa = PBXGroup;
			children = (
				923ECD5E19CBB93000E97FB9 /* BGDGroupPickerViewController.h */,
				923ECD5F19CBB93000E97FB9 /* BGDGroupPickerViewController.m */,
				9243678019CABB570095D7E0 /* BGDThumbPickViewController.h */,
				9243678119CABB570095D7E0 /* BGDThumbPickViewController.m */,
				9243677D19CAAF8F0095D7E0 /* AssetsDataIsInaccessibleViewController.h */,
				9243677E19CAAF8F0095D7E0 /* AssetsDataIsInaccessibleViewController.m */,
				92F059A219CA80ED004B3B1A /* BGDViewController.h */,
				92F059A319CA80ED004B3B1A /* BGDViewController.m */,
				92C21A8119CFE8F2001914E3 /* BGDPreviewController.h */,
				92C21A8219CFE8F2001914E3 /* BGDPreviewController.m */,
			);
			path = Classes;
			sourceTree = "<group>";
		};
		92F0598119CA80ED004B3B1A = {
			isa = PBXGroup;
			children = (
				40B7317419CE5690000E6ED9 /* Category */,
				922A2ED019CBD4310084A82B /* CustomView */,
				92B374B819CAA86D00D86447 /* Classes */,
				92B374B319CA9B6700D86447 /* Resources */,
				92574E9A19CA8CAE00E438F9 /* Vendors */,
				92F0599319CA80ED004B3B1A /* BigHeadDemo */,
				92F059B219CA80ED004B3B1A /* BigHeadDemoTests */,
				92F0598C19CA80ED004B3B1A /* Frameworks */,
				92F0598B19CA80ED004B3B1A /* Products */,
				D00245B42BFE47C8B10AADB7 /* Pods-BigHeadDemo.xcconfig */,
			);
			sourceTree = "<group>";
		};
		92F0598B19CA80ED004B3B1A /* Products */ = {
			isa = PBXGroup;
			children = (
				92F0598A19CA80ED004B3B1A /* BigHeadDemo.app */,
				92F059AB19CA80ED004B3B1A /* BigHeadDemoTests.xctest */,
			);
			name = Products;
			sourceTree = "<group>";
		};
		92F0598C19CA80ED004B3B1A /* Frameworks */ = {
			isa = PBXGroup;
			children = (
				922A2ECE19CBD3F60084A82B /* CoreImage.framework */,
				922A2ECC19CBD3F10084A82B /* AVFoundation.framework */,
				92574ECE19CA8CF400E438F9 /* AssetsLibrary.framework */,
				92F0598D19CA80ED004B3B1A /* Foundation.framework */,
				92F0598F19CA80ED004B3B1A /* CoreGraphics.framework */,
				92F0599119CA80ED004B3B1A /* UIKit.framework */,
				92F059AC19CA80ED004B3B1A /* XCTest.framework */,
				45C5BCB683474EC98CA8D44E /* libPods-BigHeadDemo.a */,
			);
			name = Frameworks;
			sourceTree = "<group>";
		};
		92F0599319CA80ED004B3B1A /* BigHeadDemo */ = {
			isa = PBXGroup;
			children = (
				92F0599C19CA80ED004B3B1A /* BGDAppDelegate.h */,
				92F0599D19CA80ED004B3B1A /* BGDAppDelegate.m */,
				92F0599F19CA80ED004B3B1A /* Main.storyboard */,
				92F059A519CA80ED004B3B1A /* Images.xcassets */,
				92F0599419CA80ED004B3B1A /* Supporting Files */,
			);
			path = BigHeadDemo;
			sourceTree = "<group>";
		};
		92F0599419CA80ED004B3B1A /* Supporting Files */ = {
			isa = PBXGroup;
			children = (
				92F0599519CA80ED004B3B1A /* BigHeadDemo-Info.plist */,
				92F0599619CA80ED004B3B1A /* InfoPlist.strings */,
				92F0599919CA80ED004B3B1A /* main.m */,
				92F0599B19CA80ED004B3B1A /* BigHeadDemo-Prefix.pch */,
			);
			name = "Supporting Files";
			sourceTree = "<group>";
		};
		92F059B219CA80ED004B3B1A /* BigHeadDemoTests */ = {
			isa = PBXGroup;
			children = (
				92F059B819CA80ED004B3B1A /* BigHeadDemoTests.m */,
				92F059B319CA80ED004B3B1A /* Supporting Files */,
			);
			path = BigHeadDemoTests;
			sourceTree = "<group>";
		};
		92F059B319CA80ED004B3B1A /* Supporting Files */ = {
			isa = PBXGroup;
			children = (
				92F059B419CA80ED004B3B1A /* BigHeadDemoTests-Info.plist */,
				92F059B519CA80ED004B3B1A /* InfoPlist.strings */,
			);
			name = "Supporting Files";
			sourceTree = "<group>";
		};
/* End PBXGroup section */

/* Begin PBXNativeTarget section */
		92F0598919CA80ED004B3B1A /* BigHeadDemo */ = {
			isa = PBXNativeTarget;
			buildConfigurationList = 92F059BC19CA80ED004B3B1A /* Build configuration list for PBXNativeTarget "BigHeadDemo" */;
			buildPhases = (
				27C53653DDAB42D893520A7F /* Check Pods Manifest.lock */,
				92F0598619CA80ED004B3B1A /* Sources */,
				92F0598719CA80ED004B3B1A /* Frameworks */,
				92F0598819CA80ED004B3B1A /* Resources */,
				0D73F64735A14AF484CF1339 /* Copy Pods Resources */,
			);
			buildRules = (
			);
			dependencies = (
			);
			name = BigHeadDemo;
			productName = BigHeadDemo;
			productReference = 92F0598A19CA80ED004B3B1A /* BigHeadDemo.app */;
			productType = "com.apple.product-type.application";
		};
		92F059AA19CA80ED004B3B1A /* BigHeadDemoTests */ = {
			isa = PBXNativeTarget;
			buildConfigurationList = 92F059BF19CA80ED004B3B1A /* Build configuration list for PBXNativeTarget "BigHeadDemoTests" */;
			buildPhases = (
				92F059A719CA80ED004B3B1A /* Sources */,
				92F059A819CA80ED004B3B1A /* Frameworks */,
				92F059A919CA80ED004B3B1A /* Resources */,
			);
			buildRules = (
			);
			dependencies = (
				92F059B119CA80ED004B3B1A /* PBXTargetDependency */,
			);
			name = BigHeadDemoTests;
			productName = BigHeadDemoTests;
			productReference = 92F059AB19CA80ED004B3B1A /* BigHeadDemoTests.xctest */;
			productType = "com.apple.product-type.bundle.unit-test";
		};
/* End PBXNativeTarget section */

/* Begin PBXProject section */
		92F0598219CA80ED004B3B1A /* Project object */ = {
			isa = PBXProject;
			attributes = {
				CLASSPREFIX = BGD;
				LastUpgradeCheck = 0510;
				ORGANIZATIONNAME = zangqilong;
				TargetAttributes = {
					92F059AA19CA80ED004B3B1A = {
						TestTargetID = 92F0598919CA80ED004B3B1A;
					};
				};
			};
			buildConfigurationList = 92F0598519CA80ED004B3B1A /* Build configuration list for PBXProject "BigHeadDemo" */;
			compatibilityVersion = "Xcode 3.2";
			developmentRegion = English;
			hasScannedForEncodings = 0;
			knownRegions = (
				en,
				Base,
			);
			mainGroup = 92F0598119CA80ED004B3B1A;
			productRefGroup = 92F0598B19CA80ED004B3B1A /* Products */;
			projectDirPath = "";
			projectRoot = "";
			targets = (
				92F0598919CA80ED004B3B1A /* BigHeadDemo */,
				92F059AA19CA80ED004B3B1A /* BigHeadDemoTests */,
			);
		};
/* End PBXProject section */

/* Begin PBXResourcesBuildPhase section */
		92F0598819CA80ED004B3B1A /* Resources */ = {
			isa = PBXResourcesBuildPhase;
			buildActionMask = 2147483647;
			files = (
				9281105119D01A29007B4019 /* sticker_delete@2x.png in Resources */,
				40B7316E19CE55B3000E6ED9 /* BGDGroupThumbCell.xib in Resources */,
				92F059A619CA80ED004B3B1A /* Images.xcassets in Resources */,
				92B374B719CA9B6D00D86447 /* c360_cloud_small_image_selected@2x.png in Resources */,
				92B374B619CA9B6D00D86447 /* c360_cloud_small_image_selectable@2x.png in Resources */,
				9281105219D01A29007B4019 /* sticker_scale@2x.png in Resources */,
				9281105A19D023A6007B4019 /* circle@2x.png in Resources */,
				9243678519CABF590095D7E0 /* Line.png in Resources */,
				9243678619CABF590095D7E0 /* Line@2x.png in Resources */,
				92F0599819CA80ED004B3B1A /* InfoPlist.strings in Resources */,
				922A2ECA19CBCE720084A82B /* plus.png in Resources */,
				9281105919D023A6007B4019 /* circle.png in Resources */,
				92F059A119CA80ED004B3B1A /* Main.storyboard in Resources */,
				922A2ECB19CBCE720084A82B /* plus@2x.png in Resources */,
			);
			runOnlyForDeploymentPostprocessing = 0;
		};
		92F059A919CA80ED004B3B1A /* Resources */ = {
			isa = PBXResourcesBuildPhase;
			buildActionMask = 2147483647;
			files = (
				92F059B719CA80ED004B3B1A /* InfoPlist.strings in Resources */,
			);
			runOnlyForDeploymentPostprocessing = 0;
		};
/* End PBXResourcesBuildPhase section */

/* Begin PBXShellScriptBuildPhase section */
		0D73F64735A14AF484CF1339 /* Copy Pods Resources */ = {
			isa = PBXShellScriptBuildPhase;
			buildActionMask = 2147483647;
			files = (
			);
			inputPaths = (
			);
			name = "Copy Pods Resources";
			outputPaths = (
			);
			runOnlyForDeploymentPostprocessing = 0;
			shellPath = /bin/sh;
			shellScript = "\"${SRCROOT}/Pods/Pods-BigHeadDemo-resources.sh\"\n";
			showEnvVarsInLog = 0;
		};
		27C53653DDAB42D893520A7F /* Check Pods Manifest.lock */ = {
			isa = PBXShellScriptBuildPhase;
			buildActionMask = 2147483647;
			files = (
			);
			inputPaths = (
			);
			name = "Check Pods Manifest.lock";
			outputPaths = (
			);
			runOnlyForDeploymentPostprocessing = 0;
			shellPath = /bin/sh;
			shellScript = "diff \"${PODS_ROOT}/../Podfile.lock\" \"${PODS_ROOT}/Manifest.lock\" > /dev/null\nif [[ $? != 0 ]] ; then\n    cat << EOM\nerror: The sandbox is not in sync with the Podfile.lock. Run 'pod install' or update your CocoaPods installation.\nEOM\n    exit 1\nfi\n";
			showEnvVarsInLog = 0;
		};
/* End PBXShellScriptBuildPhase section */

/* Begin PBXSourcesBuildPhase section */
		92F0598619CA80ED004B3B1A /* Sources */ = {
			isa = PBXSourcesBuildPhase;
			buildActionMask = 2147483647;
			files = (
				92F059A419CA80ED004B3B1A /* BGDViewController.m in Sources */,
				92C21A8319CFE8F2001914E3 /* BGDPreviewController.m in Sources */,
				9243678219CABB570095D7E0 /* BGDThumbPickViewController.m in Sources */,
				9243677F19CAAF8F0095D7E0 /* AssetsDataIsInaccessibleViewController.m in Sources */,
				923ECD6019CBB93000E97FB9 /* BGDGroupPickerViewController.m in Sources */,
				923A5F5519CFB93B0090CEBC /* UIImage+BGDUtility.m in Sources */,
				40B7317A19CE5EE7000E6ED9 /* UIView+Positioning.m in Sources */,
				9263003C19CFEC910085120E /* ALAssetsLibrary+CustomPhotoAlbum.m in Sources */,
				923A5F5219CFB6DF0090CEBC /* BGDSelectedView.m in Sources */,
				92F0599E19CA80ED004B3B1A /* BGDAppDelegate.m in Sources */,
				40B7316D19CE55B3000E6ED9 /* BGDGroupThumbCell.m in Sources */,
				40B7317719CE569C000E6ED9 /* UIImageView+GeometryConversion.m in Sources */,
				40B7316F19CE55B3000E6ED9 /* BGDThumbCell.m in Sources */,
				92F0599A19CA80ED004B3B1A /* main.m in Sources */,
			);
			runOnlyForDeploymentPostprocessing = 0;
		};
		92F059A719CA80ED004B3B1A /* Sources */ = {
			isa = PBXSourcesBuildPhase;
			buildActionMask = 2147483647;
			files = (
				92F059B919CA80ED004B3B1A /* BigHeadDemoTests.m in Sources */,
			);
			runOnlyForDeploymentPostprocessing = 0;
		};
/* End PBXSourcesBuildPhase section */

/* Begin PBXTargetDependency section */
		92F059B119CA80ED004B3B1A /* PBXTargetDependency */ = {
			isa = PBXTargetDependency;
			target = 92F0598919CA80ED004B3B1A /* BigHeadDemo */;
			targetProxy = 92F059B019CA80ED004B3B1A /* PBXContainerItemProxy */;
		};
/* End PBXTargetDependency section */

/* Begin PBXVariantGroup section */
		92F0599619CA80ED004B3B1A /* InfoPlist.strings */ = {
			isa = PBXVariantGroup;
			children = (
				92F0599719CA80ED004B3B1A /* en */,
			);
			name = InfoPlist.strings;
			sourceTree = "<group>";
		};
		92F0599F19CA80ED004B3B1A /* Main.storyboard */ = {
			isa = PBXVariantGroup;
			children = (
				92F059A019CA80ED004B3B1A /* Base */,
			);
			name = Main.storyboard;
			sourceTree = "<group>";
		};
		92F059B519CA80ED004B3B1A /* InfoPlist.strings */ = {
			isa = PBXVariantGroup;
			children = (
				92F059B619CA80ED004B3B1A /* en */,
			);
			name = InfoPlist.strings;
			sourceTree = "<group>";
		};
/* End PBXVariantGroup section */

/* Begin XCBuildConfiguration section */
		92F059BA19CA80ED004B3B1A /* Debug */ = {
			isa = XCBuildConfiguration;
			buildSettings = {
				ALWAYS_SEARCH_USER_PATHS = NO;
				CLANG_CXX_LANGUAGE_STANDARD = "gnu++0x";
				CLANG_CXX_LIBRARY = "libc++";
				CLANG_ENABLE_MODULES = YES;
				CLANG_ENABLE_OBJC_ARC = YES;
				CLANG_WARN_BOOL_CONVERSION = YES;
				CLANG_WARN_CONSTANT_CONVERSION = YES;
				CLANG_WARN_DIRECT_OBJC_ISA_USAGE = YES_ERROR;
				CLANG_WARN_EMPTY_BODY = YES;
				CLANG_WARN_ENUM_CONVERSION = YES;
				CLANG_WARN_INT_CONVERSION = YES;
				CLANG_WARN_OBJC_ROOT_CLASS = YES_ERROR;
				CLANG_WARN__DUPLICATE_METHOD_MATCH = YES;
				"CODE_SIGN_IDENTITY[sdk=iphoneos*]" = "iPhone Developer";
				COPY_PHASE_STRIP = NO;
				GCC_C_LANGUAGE_STANDARD = gnu99;
				GCC_DYNAMIC_NO_PIC = NO;
				GCC_OPTIMIZATION_LEVEL = 0;
				GCC_PREPROCESSOR_DEFINITIONS = (
					"DEBUG=1",
					"$(inherited)",
				);
				GCC_SYMBOLS_PRIVATE_EXTERN = NO;
				GCC_WARN_64_TO_32_BIT_CONVERSION = YES;
				GCC_WARN_ABOUT_RETURN_TYPE = YES_ERROR;
				GCC_WARN_UNDECLARED_SELECTOR = YES;
				GCC_WARN_UNINITIALIZED_AUTOS = YES_AGGRESSIVE;
				GCC_WARN_UNUSED_FUNCTION = YES;
				GCC_WARN_UNUSED_VARIABLE = YES;
				IPHONEOS_DEPLOYMENT_TARGET = 7.1;
				ONLY_ACTIVE_ARCH = YES;
				SDKROOT = iphoneos;
			};
			name = Debug;
		};
		92F059BB19CA80ED004B3B1A /* Release */ = {
			isa = XCBuildConfiguration;
			buildSettings = {
				ALWAYS_SEARCH_USER_PATHS = NO;
				CLANG_CXX_LANGUAGE_STANDARD = "gnu++0x";
				CLANG_CXX_LIBRARY = "libc++";
				CLANG_ENABLE_MODULES = YES;
				CLANG_ENABLE_OBJC_ARC = YES;
				CLANG_WARN_BOOL_CONVERSION = YES;
				CLANG_WARN_CONSTANT_CONVERSION = YES;
				CLANG_WARN_DIRECT_OBJC_ISA_USAGE = YES_ERROR;
				CLANG_WARN_EMPTY_BODY = YES;
				CLANG_WARN_ENUM_CONVERSION = YES;
				CLANG_WARN_INT_CONVERSION = YES;
				CLANG_WARN_OBJC_ROOT_CLASS = YES_ERROR;
				CLANG_WARN__DUPLICATE_METHOD_MATCH = YES;
				"CODE_SIGN_IDENTITY[sdk=iphoneos*]" = "iPhone Developer";
				COPY_PHASE_STRIP = YES;
				ENABLE_NS_ASSERTIONS = NO;
				GCC_C_LANGUAGE_STANDARD = gnu99;
				GCC_WARN_64_TO_32_BIT_CONVERSION = YES;
				GCC_WARN_ABOUT_RETURN_TYPE = YES_ERROR;
				GCC_WARN_UNDECLARED_SELECTOR = YES;
				GCC_WARN_UNINITIALIZED_AUTOS = YES_AGGRESSIVE;
				GCC_WARN_UNUSED_FUNCTION = YES;
				GCC_WARN_UNUSED_VARIABLE = YES;
				IPHONEOS_DEPLOYMENT_TARGET = 7.1;
				SDKROOT = iphoneos;
				VALIDATE_PRODUCT = YES;
			};
			name = Release;
		};
		92F059BD19CA80ED004B3B1A /* Debug */ = {
			isa = XCBuildConfiguration;
			baseConfigurationReference = D00245B42BFE47C8B10AADB7 /* Pods-BigHeadDemo.xcconfig */;
			buildSettings = {
				ASSETCATALOG_COMPILER_APPICON_NAME = AppIcon;
				ASSETCATALOG_COMPILER_LAUNCHIMAGE_NAME = LaunchImage;
				CODE_SIGN_IDENTITY = "iPhone Developer";
				GCC_PRECOMPILE_PREFIX_HEADER = YES;
				GCC_PREFIX_HEADER = "BigHeadDemo/BigHeadDemo-Prefix.pch";
				INFOPLIST_FILE = "BigHeadDemo/BigHeadDemo-Info.plist";
				PRODUCT_NAME = "$(TARGET_NAME)";
				USER_HEADER_SEARCH_PATHS = "${SRCROOT}/**";
				WRAPPER_EXTENSION = app;
			};
			name = Debug;
		};
		92F059BE19CA80ED004B3B1A /* Release */ = {
			isa = XCBuildConfiguration;
			baseConfigurationReference = D00245B42BFE47C8B10AADB7 /* Pods-BigHeadDemo.xcconfig */;
			buildSettings = {
				ASSETCATALOG_COMPILER_APPICON_NAME = AppIcon;
				ASSETCATALOG_COMPILER_LAUNCHIMAGE_NAME = LaunchImage;
				CODE_SIGN_IDENTITY = "iPhone Developer";
				GCC_PRECOMPILE_PREFIX_HEADER = YES;
				GCC_PREFIX_HEADER = "BigHeadDemo/BigHeadDemo-Prefix.pch";
				INFOPLIST_FILE = "BigHeadDemo/BigHeadDemo-Info.plist";
				PRODUCT_NAME = "$(TARGET_NAME)";
				USER_HEADER_SEARCH_PATHS = "${SRCROOT}/**";
				WRAPPER_EXTENSION = app;
			};
			name = Release;
		};
		92F059C019CA80ED004B3B1A /* Debug */ = {
			isa = XCBuildConfiguration;
			buildSettings = {
				BUNDLE_LOADER = "$(BUILT_PRODUCTS_DIR)/BigHeadDemo.app/BigHeadDemo";
				FRAMEWORK_SEARCH_PATHS = (
					"$(SDKROOT)/Developer/Library/Frameworks",
					"$(inherited)",
					"$(DEVELOPER_FRAMEWORKS_DIR)",
				);
				GCC_PRECOMPILE_PREFIX_HEADER = YES;
				GCC_PREFIX_HEADER = "BigHeadDemo/BigHeadDemo-Prefix.pch";
				GCC_PREPROCESSOR_DEFINITIONS = (
					"DEBUG=1",
					"$(inherited)",
				);
				INFOPLIST_FILE = "BigHeadDemoTests/BigHeadDemoTests-Info.plist";
				PRODUCT_NAME = "$(TARGET_NAME)";
				TEST_HOST = "$(BUNDLE_LOADER)";
				WRAPPER_EXTENSION = xctest;
			};
			name = Debug;
		};
		92F059C119CA80ED004B3B1A /* Release */ = {
			isa = XCBuildConfiguration;
			buildSettings = {
				BUNDLE_LOADER = "$(BUILT_PRODUCTS_DIR)/BigHeadDemo.app/BigHeadDemo";
				FRAMEWORK_SEARCH_PATHS = (
					"$(SDKROOT)/Developer/Library/Frameworks",
					"$(inherited)",
					"$(DEVELOPER_FRAMEWORKS_DIR)",
				);
				GCC_PRECOMPILE_PREFIX_HEADER = YES;
				GCC_PREFIX_HEADER = "BigHeadDemo/BigHeadDemo-Prefix.pch";
				INFOPLIST_FILE = "BigHeadDemoTests/BigHeadDemoTests-Info.plist";
				PRODUCT_NAME = "$(TARGET_NAME)";
				TEST_HOST = "$(BUNDLE_LOADER)";
				WRAPPER_EXTENSION = xctest;
			};
			name = Release;
		};
/* End XCBuildConfiguration section */

/* Begin XCConfigurationList section */
		92F0598519CA80ED004B3B1A /* Build configuration list for PBXProject "BigHeadDemo" */ = {
			isa = XCConfigurationList;
			buildConfigurations = (
				92F059BA19CA80ED004B3B1A /* Debug */,
				92F059BB19CA80ED004B3B1A /* Release */,
			);
			defaultConfigurationIsVisible = 0;
			defaultConfigurationName = Release;
		};
		92F059BC19CA80ED004B3B1A /* Build configuration list for PBXNativeTarget "BigHeadDemo" */ = {
			isa = XCConfigurationList;
			buildConfigurations = (
				92F059BD19CA80ED004B3B1A /* Debug */,
				92F059BE19CA80ED004B3B1A /* Release */,
			);
			defaultConfigurationIsVisible = 0;
			defaultConfigurationName = Release;
		};
		92F059BF19CA80ED004B3B1A /* Build configuration list for PBXNativeTarget "BigHeadDemoTests" */ = {
			isa = XCConfigurationList;
			buildConfigurations = (
				92F059C019CA80ED004B3B1A /* Debug */,
				92F059C119CA80ED004B3B1A /* Release */,
			);
			defaultConfigurationIsVisible = 0;
			defaultConfigurationName = Release;
		};
/* End XCConfigurationList section */
	};
	rootObject = 92F0598219CA80ED004B3B1A /* Project object */;
}
